// !$*UTF8*$!
{
	archiveVersion = 1;
	classes = {
	};
	objectVersion = 50;
	objects = {

/* Begin PBXBuildFile section */
		744888B022719902008629CA /* RxSwift.framework in Frameworks */ = {isa = PBXBuildFile; fileRef = 7456326C2271986D00716EE5 /* RxSwift.framework */; };
		7475F657227239D600CDADFA /* RxCocoa.framework in Frameworks */ = {isa = PBXBuildFile; fileRef = 7475F6552272399600CDADFA /* RxCocoa.framework */; };
		7475F658227239D600CDADFA /* RxCocoa.framework in Embed Frameworks */ = {isa = PBXBuildFile; fileRef = 7475F6552272399600CDADFA /* RxCocoa.framework */; settings = {ATTRIBUTES = (CodeSignOnCopy, RemoveHeadersOnCopy, ); }; };
		7475F65B22723A6200CDADFA /* HttpMethod.swift in Sources */ = {isa = PBXBuildFile; fileRef = 7475F65A22723A6200CDADFA /* HttpMethod.swift */; };
		7475F65D22723AA500CDADFA /* Endpoint.swift in Sources */ = {isa = PBXBuildFile; fileRef = 7475F65C22723AA500CDADFA /* Endpoint.swift */; };
		7475F65F22723ABE00CDADFA /* NetworkClient.swift in Sources */ = {isa = PBXBuildFile; fileRef = 7475F65E22723ABD00CDADFA /* NetworkClient.swift */; };
		7475F66122723B3700CDADFA /* Guide.swift in Sources */ = {isa = PBXBuildFile; fileRef = 7475F66022723B3700CDADFA /* Guide.swift */; };
		7475F66322723B5500CDADFA /* XCTestCase+Extensions.swift in Sources */ = {isa = PBXBuildFile; fileRef = 7475F66222723B5500CDADFA /* XCTestCase+Extensions.swift */; };
		7475F66622723B6A00CDADFA /* Guide.json in Resources */ = {isa = PBXBuildFile; fileRef = 7475F66522723B6A00CDADFA /* Guide.json */; };
		7475F66922723B9500CDADFA /* GuideTests.swift in Sources */ = {isa = PBXBuildFile; fileRef = 7475F66822723B9500CDADFA /* GuideTests.swift */; };
		7475F66B22723BFD00CDADFA /* Service.swift in Sources */ = {isa = PBXBuildFile; fileRef = 7475F66A22723BFD00CDADFA /* Service.swift */; };
		74905E88227184FC0062204C /* AppDelegate.swift in Sources */ = {isa = PBXBuildFile; fileRef = 74905E87227184FC0062204C /* AppDelegate.swift */; };
		74905E8F227185000062204C /* Assets.xcassets in Resources */ = {isa = PBXBuildFile; fileRef = 74905E8E227185000062204C /* Assets.xcassets */; };
		74905E92227185000062204C /* LaunchScreen.storyboard in Resources */ = {isa = PBXBuildFile; fileRef = 74905E90227185000062204C /* LaunchScreen.storyboard */; };
		74F4A81822762EBA00E8829B /* GuideViewModel.swift in Sources */ = {isa = PBXBuildFile; fileRef = 74F4A81722762EBA00E8829B /* GuideViewModel.swift */; };
/* End PBXBuildFile section */

/* Begin PBXContainerItemProxy section */
		7475F62622719C9000CDADFA /* PBXContainerItemProxy */ = {
			isa = PBXContainerItemProxy;
			containerPortal = 74905E7C227184FC0062204C /* Project object */;
			proxyType = 1;
			remoteGlobalIDString = 74905E83227184FC0062204C;
			remoteInfo = GuideList;
		};
/* End PBXContainerItemProxy section */

/* Begin PBXCopyFilesBuildPhase section */
		7475F659227239D600CDADFA /* Embed Frameworks */ = {
			isa = PBXCopyFilesBuildPhase;
			buildActionMask = 2147483647;
			dstPath = "";
			dstSubfolderSpec = 10;
			files = (
				7475F658227239D600CDADFA /* RxCocoa.framework in Embed Frameworks */,
			);
			name = "Embed Frameworks";
			runOnlyForDeploymentPostprocessing = 0;
		};
/* End PBXCopyFilesBuildPhase section */

/* Begin PBXFileReference section */
		7456326C2271986D00716EE5 /* RxSwift.framework */ = {isa = PBXFileReference; lastKnownFileType = wrapper.framework; name = RxSwift.framework; path = Carthage/Build/iOS/RxSwift.framework; sourceTree = "<group>"; };
		7475F62122719C9000CDADFA /* UnitTests.xctest */ = {isa = PBXFileReference; explicitFileType = wrapper.cfbundle; includeInIndex = 0; path = UnitTests.xctest; sourceTree = BUILT_PRODUCTS_DIR; };
		7475F62522719C9000CDADFA /* Info.plist */ = {isa = PBXFileReference; lastKnownFileType = text.plist.xml; path = Info.plist; sourceTree = "<group>"; };
		7475F6552272399600CDADFA /* RxCocoa.framework */ = {isa = PBXFileReference; lastKnownFileType = wrapper.framework; name = RxCocoa.framework; path = Carthage/Build/iOS/RxCocoa.framework; sourceTree = "<group>"; };
		7475F65A22723A6200CDADFA /* HttpMethod.swift */ = {isa = PBXFileReference; fileEncoding = 4; lastKnownFileType = sourcecode.swift; path = HttpMethod.swift; sourceTree = "<group>"; };
		7475F65C22723AA500CDADFA /* Endpoint.swift */ = {isa = PBXFileReference; fileEncoding = 4; lastKnownFileType = sourcecode.swift; path = Endpoint.swift; sourceTree = "<group>"; };
		7475F65E22723ABD00CDADFA /* NetworkClient.swift */ = {isa = PBXFileReference; fileEncoding = 4; lastKnownFileType = sourcecode.swift; path = NetworkClient.swift; sourceTree = "<group>"; };
		7475F66022723B3700CDADFA /* Guide.swift */ = {isa = PBXFileReference; fileEncoding = 4; lastKnownFileType = sourcecode.swift; path = Guide.swift; sourceTree = "<group>"; };
		7475F66222723B5500CDADFA /* XCTestCase+Extensions.swift */ = {isa = PBXFileReference; fileEncoding = 4; lastKnownFileType = sourcecode.swift; path = "XCTestCase+Extensions.swift"; sourceTree = "<group>"; };
		7475F66522723B6A00CDADFA /* Guide.json */ = {isa = PBXFileReference; fileEncoding = 4; lastKnownFileType = text.json; path = Guide.json; sourceTree = "<group>"; };
		7475F66822723B9500CDADFA /* GuideTests.swift */ = {isa = PBXFileReference; fileEncoding = 4; lastKnownFileType = sourcecode.swift; path = GuideTests.swift; sourceTree = "<group>"; };
		7475F66A22723BFD00CDADFA /* Service.swift */ = {isa = PBXFileReference; fileEncoding = 4; lastKnownFileType = sourcecode.swift; path = Service.swift; sourceTree = "<group>"; };
		74905E84227184FC0062204C /* GuideList.app */ = {isa = PBXFileReference; explicitFileType = wrapper.application; includeInIndex = 0; path = GuideList.app; sourceTree = BUILT_PRODUCTS_DIR; };
		74905E87227184FC0062204C /* AppDelegate.swift */ = {isa = PBXFileReference; lastKnownFileType = sourcecode.swift; path = AppDelegate.swift; sourceTree = "<group>"; };
		74905E8E227185000062204C /* Assets.xcassets */ = {isa = PBXFileReference; lastKnownFileType = folder.assetcatalog; path = Assets.xcassets; sourceTree = "<group>"; };
		74905E91227185000062204C /* Base */ = {isa = PBXFileReference; lastKnownFileType = file.storyboard; name = Base; path = Base.lproj/LaunchScreen.storyboard; sourceTree = "<group>"; };
		74905E93227185000062204C /* Info.plist */ = {isa = PBXFileReference; lastKnownFileType = text.plist.xml; path = Info.plist; sourceTree = "<group>"; };
		74F4A81722762EBA00E8829B /* GuideViewModel.swift */ = {isa = PBXFileReference; fileEncoding = 4; lastKnownFileType = sourcecode.swift; path = GuideViewModel.swift; sourceTree = "<group>"; };
/* End PBXFileReference section */

/* Begin PBXFrameworksBuildPhase section */
		7475F61E22719C9000CDADFA /* Frameworks */ = {
			isa = PBXFrameworksBuildPhase;
			buildActionMask = 2147483647;
			files = (
			);
			runOnlyForDeploymentPostprocessing = 0;
		};
		74905E81227184FC0062204C /* Frameworks */ = {
			isa = PBXFrameworksBuildPhase;
			buildActionMask = 2147483647;
			files = (
				7475F657227239D600CDADFA /* RxCocoa.framework in Frameworks */,
				744888B022719902008629CA /* RxSwift.framework in Frameworks */,
			);
			runOnlyForDeploymentPostprocessing = 0;
		};
/* End PBXFrameworksBuildPhase section */

/* Begin PBXGroup section */
		744888CD22719B26008629CA /* Source */ = {
			isa = PBXGroup;
			children = (
				74905E86227184FC0062204C /* App */,
				745EA121227187D40083FDF2 /* Screens */,
				74F4A81522762EBA00E8829B /* ViewModel */,
				745EA11B227186580083FDF2 /* Model */,
				745EA122227187E10083FDF2 /* Networking */,
			);
			path = Source;
			sourceTree = "<group>";
		};
		745632682271982600716EE5 /* Frameworks */ = {
			isa = PBXGroup;
			children = (
				7475F6552272399600CDADFA /* RxCocoa.framework */,
				7456326C2271986D00716EE5 /* RxSwift.framework */,
			);
			name = Frameworks;
			sourceTree = "<group>";
		};
		745EA11B227186580083FDF2 /* Model */ = {
			isa = PBXGroup;
			children = (
				7475F66A22723BFD00CDADFA /* Service.swift */,
				7475F66022723B3700CDADFA /* Guide.swift */,
			);
			path = Model;
			sourceTree = "<group>";
		};
		745EA121227187D40083FDF2 /* Screens */ = {
			isa = PBXGroup;
			children = (
			);
			path = Screens;
			sourceTree = "<group>";
		};
		745EA122227187E10083FDF2 /* Networking */ = {
			isa = PBXGroup;
			children = (
				7475F65E22723ABD00CDADFA /* NetworkClient.swift */,
				7475F65C22723AA500CDADFA /* Endpoint.swift */,
				7475F65A22723A6200CDADFA /* HttpMethod.swift */,
			);
			path = Networking;
			sourceTree = "<group>";
		};
		7475F62222719C9000CDADFA /* UnitTests */ = {
			isa = PBXGroup;
			children = (
				7475F66722723B9500CDADFA /* Tests */,
				7475F66422723B6A00CDADFA /* Mock data */,
				7475F66222723B5500CDADFA /* XCTestCase+Extensions.swift */,
				7475F62522719C9000CDADFA /* Info.plist */,
			);
			path = UnitTests;
			sourceTree = "<group>";
		};
		7475F66422723B6A00CDADFA /* Mock data */ = {
			isa = PBXGroup;
			children = (
				7475F66522723B6A00CDADFA /* Guide.json */,
			);
			path = "Mock data";
			sourceTree = "<group>";
		};
		7475F66722723B9500CDADFA /* Tests */ = {
			isa = PBXGroup;
			children = (
				7475F66822723B9500CDADFA /* GuideTests.swift */,
			);
			path = Tests;
			sourceTree = "<group>";
		};
		74905E7B227184FC0062204C = {
			isa = PBXGroup;
			children = (
				744888CD22719B26008629CA /* Source */,
				7475F62222719C9000CDADFA /* UnitTests */,
				745632682271982600716EE5 /* Frameworks */,
				74905E85227184FC0062204C /* Products */,
			);
			sourceTree = "<group>";
		};
		74905E85227184FC0062204C /* Products */ = {
			isa = PBXGroup;
			children = (
				74905E84227184FC0062204C /* GuideList.app */,
				7475F62122719C9000CDADFA /* UnitTests.xctest */,
			);
			name = Products;
			sourceTree = "<group>";
		};
		74905E86227184FC0062204C /* App */ = {
			isa = PBXGroup;
			children = (
				74905E87227184FC0062204C /* AppDelegate.swift */,
				74905E8E227185000062204C /* Assets.xcassets */,
				74905E90227185000062204C /* LaunchScreen.storyboard */,
				74905E93227185000062204C /* Info.plist */,
			);
			path = App;
			sourceTree = "<group>";
		};
		74F4A81522762EBA00E8829B /* ViewModel */ = {
			isa = PBXGroup;
			children = (
				74F4A81622762EBA00E8829B /* Guides */,
			);
			path = ViewModel;
			sourceTree = "<group>";
		};
		74F4A81622762EBA00E8829B /* Guides */ = {
			isa = PBXGroup;
			children = (
				74F4A81722762EBA00E8829B /* GuideViewModel.swift */,
			);
			path = Guides;
			sourceTree = "<group>";
		};
/* End PBXGroup section */

/* Begin PBXNativeTarget section */
		7475F62022719C9000CDADFA /* UnitTests */ = {
			isa = PBXNativeTarget;
			buildConfigurationList = 7475F62822719C9000CDADFA /* Build configuration list for PBXNativeTarget "UnitTests" */;
			buildPhases = (
				7475F61D22719C9000CDADFA /* Sources */,
				7475F61E22719C9000CDADFA /* Frameworks */,
				7475F61F22719C9000CDADFA /* Resources */,
			);
			buildRules = (
			);
			dependencies = (
				7475F62722719C9000CDADFA /* PBXTargetDependency */,
			);
			name = UnitTests;
			productName = UnitTests;
			productReference = 7475F62122719C9000CDADFA /* UnitTests.xctest */;
			productType = "com.apple.product-type.bundle.unit-test";
		};
		74905E83227184FC0062204C /* GuideList */ = {
			isa = PBXNativeTarget;
			buildConfigurationList = 74905EA1227185010062204C /* Build configuration list for PBXNativeTarget "GuideList" */;
			buildPhases = (
				74905E80227184FC0062204C /* Sources */,
				74905E81227184FC0062204C /* Frameworks */,
				74905E82227184FC0062204C /* Resources */,
				745632632271966200716EE5 /* Carthage */,
				7475F659227239D600CDADFA /* Embed Frameworks */,
			);
			buildRules = (
			);
			dependencies = (
			);
			name = GuideList;
			productName = GuideListReactive;
			productReference = 74905E84227184FC0062204C /* GuideList.app */;
			productType = "com.apple.product-type.application";
		};
/* End PBXNativeTarget section */

/* Begin PBXProject section */
		74905E7C227184FC0062204C /* Project object */ = {
			isa = PBXProject;
			attributes = {
				LastSwiftUpdateCheck = 1020;
				LastUpgradeCheck = 1020;
				ORGANIZATIONNAME = "Mads Westi";
				TargetAttributes = {
					7475F62022719C9000CDADFA = {
						CreatedOnToolsVersion = 10.2;
						LastSwiftMigration = 1020;
						TestTargetID = 74905E83227184FC0062204C;
					};
					74905E83227184FC0062204C = {
						CreatedOnToolsVersion = 10.2;
					};
				};
			};
			buildConfigurationList = 74905E7F227184FC0062204C /* Build configuration list for PBXProject "GuideListReactive" */;
			compatibilityVersion = "Xcode 9.3";
			developmentRegion = en;
			hasScannedForEncodings = 0;
			knownRegions = (
				en,
				Base,
			);
			mainGroup = 74905E7B227184FC0062204C;
			productRefGroup = 74905E85227184FC0062204C /* Products */;
			projectDirPath = "";
			projectRoot = "";
			targets = (
				74905E83227184FC0062204C /* GuideList */,
				7475F62022719C9000CDADFA /* UnitTests */,
			);
		};
/* End PBXProject section */

/* Begin PBXResourcesBuildPhase section */
		7475F61F22719C9000CDADFA /* Resources */ = {
			isa = PBXResourcesBuildPhase;
			buildActionMask = 2147483647;
			files = (
				7475F66622723B6A00CDADFA /* Guide.json in Resources */,
			);
			runOnlyForDeploymentPostprocessing = 0;
		};
		74905E82227184FC0062204C /* Resources */ = {
			isa = PBXResourcesBuildPhase;
			buildActionMask = 2147483647;
			files = (
				74905E92227185000062204C /* LaunchScreen.storyboard in Resources */,
				74905E8F227185000062204C /* Assets.xcassets in Resources */,
			);
			runOnlyForDeploymentPostprocessing = 0;
		};
/* End PBXResourcesBuildPhase section */

/* Begin PBXShellScriptBuildPhase section */
		745632632271966200716EE5 /* Carthage */ = {
			isa = PBXShellScriptBuildPhase;
			buildActionMask = 2147483647;
			files = (
			);
			inputFileListPaths = (
			);
			inputPaths = (
				"$(SRCROOT)/Carthage/Build/iOS/RxSwift.framework",
			);
			name = Carthage;
			outputFileListPaths = (
			);
			outputPaths = (
				"$(BUILT_PRODUCTS_DIR)/$(FRAMEWORKS_FOLDER_PATH)/RxSwift.framework",
			);
			runOnlyForDeploymentPostprocessing = 0;
			shellPath = /bin/sh;
			shellScript = "/usr/local/bin/carthage copy-frameworks\n";
		};
/* End PBXShellScriptBuildPhase section */

/* Begin PBXSourcesBuildPhase section */
		7475F61D22719C9000CDADFA /* Sources */ = {
			isa = PBXSourcesBuildPhase;
			buildActionMask = 2147483647;
			files = (
				7475F66922723B9500CDADFA /* GuideTests.swift in Sources */,
				7475F66322723B5500CDADFA /* XCTestCase+Extensions.swift in Sources */,
			);
			runOnlyForDeploymentPostprocessing = 0;
		};
		74905E80227184FC0062204C /* Sources */ = {
			isa = PBXSourcesBuildPhase;
			buildActionMask = 2147483647;
			files = (
				7475F65B22723A6200CDADFA /* HttpMethod.swift in Sources */,
				7475F65D22723AA500CDADFA /* Endpoint.swift in Sources */,
				74F4A81822762EBA00E8829B /* GuideViewModel.swift in Sources */,
				7475F66122723B3700CDADFA /* Guide.swift in Sources */,
				74905E88227184FC0062204C /* AppDelegate.swift in Sources */,
				7475F65F22723ABE00CDADFA /* NetworkClient.swift in Sources */,
				7475F66B22723BFD00CDADFA /* Service.swift in Sources */,
			);
			runOnlyForDeploymentPostprocessing = 0;
		};
/* End PBXSourcesBuildPhase section */

/* Begin PBXTargetDependency section */
		7475F62722719C9000CDADFA /* PBXTargetDependency */ = {
			isa = PBXTargetDependency;
			target = 74905E83227184FC0062204C /* GuideList */;
			targetProxy = 7475F62622719C9000CDADFA /* PBXContainerItemProxy */;
		};
/* End PBXTargetDependency section */

/* Begin PBXVariantGroup section */
		74905E90227185000062204C /* LaunchScreen.storyboard */ = {
			isa = PBXVariantGroup;
			children = (
				74905E91227185000062204C /* Base */,
			);
			name = LaunchScreen.storyboard;
			sourceTree = "<group>";
		};
/* End PBXVariantGroup section */

/* Begin XCBuildConfiguration section */
		7475F62922719C9000CDADFA /* Debug */ = {
			isa = XCBuildConfiguration;
			buildSettings = {
				BUNDLE_LOADER = "$(TEST_HOST)";
				CLANG_ENABLE_MODULES = YES;
				CODE_SIGN_STYLE = Automatic;
				DEVELOPMENT_TEAM = 657YJAG5CW;
				INFOPLIST_FILE = UnitTests/Info.plist;
				LD_RUNPATH_SEARCH_PATHS = (
					"$(inherited)",
					"@executable_path/Frameworks",
					"@loader_path/Frameworks",
				);
				PRODUCT_BUNDLE_IDENTIFIER = dk.madswesti.GuideListReactive.UnitTests;
				PRODUCT_NAME = "$(TARGET_NAME)";
				SWIFT_OPTIMIZATION_LEVEL = "-Onone";
				SWIFT_VERSION = 5.0;
				TARGETED_DEVICE_FAMILY = "1,2";
				TEST_HOST = "$(BUILT_PRODUCTS_DIR)/GuideList.app/GuideList";
			};
			name = Debug;
		};
		7475F62A22719C9000CDADFA /* Release */ = {
			isa = XCBuildConfiguration;
			buildSettings = {
				BUNDLE_LOADER = "$(TEST_HOST)";
				CLANG_ENABLE_MODULES = YES;
				CODE_SIGN_STYLE = Automatic;
				DEVELOPMENT_TEAM = 657YJAG5CW;
				INFOPLIST_FILE = UnitTests/Info.plist;
				LD_RUNPATH_SEARCH_PATHS = (
					"$(inherited)",
					"@executable_path/Frameworks",
					"@loader_path/Frameworks",
				);
				PRODUCT_BUNDLE_IDENTIFIER = dk.madswesti.GuideListReactive.UnitTests;
				PRODUCT_NAME = "$(TARGET_NAME)";
				SWIFT_VERSION = 5.0;
				TARGETED_DEVICE_FAMILY = "1,2";
				TEST_HOST = "$(BUILT_PRODUCTS_DIR)/GuideList.app/GuideList";
			};
			name = Release;
		};
		74905E9F227185010062204C /* Debug */ = {
			isa = XCBuildConfiguration;
			buildSettings = {
				ALWAYS_SEARCH_USER_PATHS = NO;
				CLANG_ANALYZER_NONNULL = YES;
				CLANG_ANALYZER_NUMBER_OBJECT_CONVERSION = YES_AGGRESSIVE;
				CLANG_CXX_LANGUAGE_STANDARD = "gnu++14";
				CLANG_CXX_LIBRARY = "libc++";
				CLANG_ENABLE_MODULES = YES;
				CLANG_ENABLE_OBJC_ARC = YES;
				CLANG_ENABLE_OBJC_WEAK = YES;
				CLANG_WARN_BLOCK_CAPTURE_AUTORELEASING = YES;
				CLANG_WARN_BOOL_CONVERSION = YES;
				CLANG_WARN_COMMA = YES;
				CLANG_WARN_CONSTANT_CONVERSION = YES;
				CLANG_WARN_DEPRECATED_OBJC_IMPLEMENTATIONS = YES;
				CLANG_WARN_DIRECT_OBJC_ISA_USAGE = YES_ERROR;
				CLANG_WARN_DOCUMENTATION_COMMENTS = YES;
				CLANG_WARN_EMPTY_BODY = YES;
				CLANG_WARN_ENUM_CONVERSION = YES;
				CLANG_WARN_INFINITE_RECURSION = YES;
				CLANG_WARN_INT_CONVERSION = YES;
				CLANG_WARN_NON_LITERAL_NULL_CONVERSION = YES;
				CLANG_WARN_OBJC_IMPLICIT_RETAIN_SELF = YES;
				CLANG_WARN_OBJC_LITERAL_CONVERSION = YES;
				CLANG_WARN_OBJC_ROOT_CLASS = YES_ERROR;
				CLANG_WARN_RANGE_LOOP_ANALYSIS = YES;
				CLANG_WARN_STRICT_PROTOTYPES = YES;
				CLANG_WARN_SUSPICIOUS_MOVE = YES;
				CLANG_WARN_UNGUARDED_AVAILABILITY = YES_AGGRESSIVE;
				CLANG_WARN_UNREACHABLE_CODE = YES;
				CLANG_WARN__DUPLICATE_METHOD_MATCH = YES;
				CODE_SIGN_IDENTITY = "iPhone Developer";
				COPY_PHASE_STRIP = NO;
				DEBUG_INFORMATION_FORMAT = dwarf;
				ENABLE_STRICT_OBJC_MSGSEND = YES;
				ENABLE_TESTABILITY = YES;
				GCC_C_LANGUAGE_STANDARD = gnu11;
				GCC_DYNAMIC_NO_PIC = NO;
				GCC_NO_COMMON_BLOCKS = YES;
				GCC_OPTIMIZATION_LEVEL = 0;
				GCC_PREPROCESSOR_DEFINITIONS = (
					"DEBUG=1",
					"$(inherited)",
				);
				GCC_WARN_64_TO_32_BIT_CONVERSION = YES;
				GCC_WARN_ABOUT_RETURN_TYPE = YES_ERROR;
				GCC_WARN_UNDECLARED_SELECTOR = YES;
				GCC_WARN_UNINITIALIZED_AUTOS = YES_AGGRESSIVE;
				GCC_WARN_UNUSED_FUNCTION = YES;
				GCC_WARN_UNUSED_VARIABLE = YES;
				IPHONEOS_DEPLOYMENT_TARGET = 12.2;
				MTL_ENABLE_DEBUG_INFO = INCLUDE_SOURCE;
				MTL_FAST_MATH = YES;
				ONLY_ACTIVE_ARCH = YES;
				SDKROOT = iphoneos;
				SWIFT_ACTIVE_COMPILATION_CONDITIONS = DEBUG;
				SWIFT_OPTIMIZATION_LEVEL = "-Onone";
			};
			name = Debug;
		};
		74905EA0227185010062204C /* Release */ = {
			isa = XCBuildConfiguration;
			buildSettings = {
				ALWAYS_SEARCH_USER_PATHS = NO;
				CLANG_ANALYZER_NONNULL = YES;
				CLANG_ANALYZER_NUMBER_OBJECT_CONVERSION = YES_AGGRESSIVE;
				CLANG_CXX_LANGUAGE_STANDARD = "gnu++14";
				CLANG_CXX_LIBRARY = "libc++";
				CLANG_ENABLE_MODULES = YES;
				CLANG_ENABLE_OBJC_ARC = YES;
				CLANG_ENABLE_OBJC_WEAK = YES;
				CLANG_WARN_BLOCK_CAPTURE_AUTORELEASING = YES;
				CLANG_WARN_BOOL_CONVERSION = YES;
				CLANG_WARN_COMMA = YES;
				CLANG_WARN_CONSTANT_CONVERSION = YES;
				CLANG_WARN_DEPRECATED_OBJC_IMPLEMENTATIONS = YES;
				CLANG_WARN_DIRECT_OBJC_ISA_USAGE = YES_ERROR;
				CLANG_WARN_DOCUMENTATION_COMMENTS = YES;
				CLANG_WARN_EMPTY_BODY = YES;
				CLANG_WARN_ENUM_CONVERSION = YES;
				CLANG_WARN_INFINITE_RECURSION = YES;
				CLANG_WARN_INT_CONVERSION = YES;
				CLANG_WARN_NON_LITERAL_NULL_CONVERSION = YES;
				CLANG_WARN_OBJC_IMPLICIT_RETAIN_SELF = YES;
				CLANG_WARN_OBJC_LITERAL_CONVERSION = YES;
				CLANG_WARN_OBJC_ROOT_CLASS = YES_ERROR;
				CLANG_WARN_RANGE_LOOP_ANALYSIS = YES;
				CLANG_WARN_STRICT_PROTOTYPES = YES;
				CLANG_WARN_SUSPICIOUS_MOVE = YES;
				CLANG_WARN_UNGUARDED_AVAILABILITY = YES_AGGRESSIVE;
				CLANG_WARN_UNREACHABLE_CODE = YES;
				CLANG_WARN__DUPLICATE_METHOD_MATCH = YES;
				CODE_SIGN_IDENTITY = "iPhone Developer";
				COPY_PHASE_STRIP = NO;
				DEBUG_INFORMATION_FORMAT = "dwarf-with-dsym";
				ENABLE_NS_ASSERTIONS = NO;
				ENABLE_STRICT_OBJC_MSGSEND = YES;
				GCC_C_LANGUAGE_STANDARD = gnu11;
				GCC_NO_COMMON_BLOCKS = YES;
				GCC_WARN_64_TO_32_BIT_CONVERSION = YES;
				GCC_WARN_ABOUT_RETURN_TYPE = YES_ERROR;
				GCC_WARN_UNDECLARED_SELECTOR = YES;
				GCC_WARN_UNINITIALIZED_AUTOS = YES_AGGRESSIVE;
				GCC_WARN_UNUSED_FUNCTION = YES;
				GCC_WARN_UNUSED_VARIABLE = YES;
				IPHONEOS_DEPLOYMENT_TARGET = 12.2;
				MTL_ENABLE_DEBUG_INFO = NO;
				MTL_FAST_MATH = YES;
				SDKROOT = iphoneos;
				SWIFT_COMPILATION_MODE = wholemodule;
				SWIFT_OPTIMIZATION_LEVEL = "-O";
				VALIDATE_PRODUCT = YES;
			};
			name = Release;
		};
		74905EA2227185010062204C /* Debug */ = {
			isa = XCBuildConfiguration;
			buildSettings = {
				ASSETCATALOG_COMPILER_APPICON_NAME = AppIcon;
				CODE_SIGN_STYLE = Automatic;
				DEVELOPMENT_TEAM = 657YJAG5CW;
				FRAMEWORK_SEARCH_PATHS = (
					"$(inherited)",
					"$(PROJECT_DIR)/Carthage/Build/iOS",
					"$(PROJECT_DIR)",
				);
				INFOPLIST_FILE = "$(SRCROOT)/Source/App/Info.plist";
				LD_RUNPATH_SEARCH_PATHS = (
					"$(inherited)",
					"@executable_path/Frameworks",
				);
				PRODUCT_BUNDLE_IDENTIFIER = dk.madswesti.GuideListReactive;
				PRODUCT_NAME = "$(TARGET_NAME)";
				SWIFT_VERSION = 5.0;
				TARGETED_DEVICE_FAMILY = "1,2";
			};
			name = Debug;
		};
		74905EA3227185010062204C /* Release */ = {
			isa = XCBuildConfiguration;
			buildSettings = {
				ASSETCATALOG_COMPILER_APPICON_NAME = AppIcon;
				CODE_SIGN_STYLE = Automatic;
				DEVELOPMENT_TEAM = 657YJAG5CW;
				FRAMEWORK_SEARCH_PATHS = (
					"$(inherited)",
					"$(PROJECT_DIR)/Carthage/Build/iOS",
					"$(PROJECT_DIR)",
				);
				INFOPLIST_FILE = "$(SRCROOT)/Source/App/Info.plist";
				LD_RUNPATH_SEARCH_PATHS = (
					"$(inherited)",
					"@executable_path/Frameworks",
				);
				PRODUCT_BUNDLE_IDENTIFIER = dk.madswesti.GuideListReactive;
				PRODUCT_NAME = "$(TARGET_NAME)";
				SWIFT_VERSION = 5.0;
				TARGETED_DEVICE_FAMILY = "1,2";
			};
			name = Release;
		};
/* End XCBuildConfiguration section */

/* Begin XCConfigurationList section */
		7475F62822719C9000CDADFA /* Build configuration list for PBXNativeTarget "UnitTests" */ = {
			isa = XCConfigurationList;
			buildConfigurations = (
				7475F62922719C9000CDADFA /* Debug */,
				7475F62A22719C9000CDADFA /* Release */,
			);
			defaultConfigurationIsVisible = 0;
			defaultConfigurationName = Release;
		};
		74905E7F227184FC0062204C /* Build configuration list for PBXProject "GuideListReactive" */ = {
			isa = XCConfigurationList;
			buildConfigurations = (
				74905E9F227185010062204C /* Debug */,
				74905EA0227185010062204C /* Release */,
			);
			defaultConfigurationIsVisible = 0;
			defaultConfigurationName = Release;
		};
		74905EA1227185010062204C /* Build configuration list for PBXNativeTarget "GuideList" */ = {
			isa = XCConfigurationList;
			buildConfigurations = (
				74905EA2227185010062204C /* Debug */,
				74905EA3227185010062204C /* Release */,
			);
			defaultConfigurationIsVisible = 0;
			defaultConfigurationName = Release;
		};
/* End XCConfigurationList section */
	};
	rootObject = 74905E7C227184FC0062204C /* Project object */;
}
